Microsoft Visual Studio Solution File, Format Version 12.00
# Visual Studio Version 18
VisualStudioVersion = 18.4.11612.150
MinimumVisualStudioVersion = 10.0.40219.1
Project("{2150E333-8FDC-42A3-9474-1A3956D46DE8}") = "Tests", "Tests", "{2769C4C3-2595-413B-B7FE-5903826770C1}"
EndProject
Project("{2150E333-8FDC-42A3-9474-1A3956D46DE8}") = "Features", "Features", "{6BFF5946-A829-4AD7-BFAB-80B71CD7FF49}"
EndProject
Project("{2150E333-8FDC-42A3-9474-1A3956D46DE8}") = "Serialization", "Serialization", "{7B4B39AD-B85C-4182-A385-F478A5AD28EC}"
EndProject
Project("{2150E333-8FDC-42A3-9474-1A3956D46DE8}") = "AI", "AI", "{00E37E58-7E43-4D95-83E4-75F669E89584}"
EndProject
Project("{FAE04EC0-301F-11D3-BF4B-00C04F79EFBC}") = "Esiur.Tests.Annotations", "Tests\AI\Annotations\Esiur.Tests.Annotations.csproj", "{E87F60C9-F167-3F03-A4BD-43DBB1C76BDD}"
EndProject
Project("{FAE04EC0-301F-11D3-BF4B-00C04F79EFBC}") = "Esiur.Tests.Functional", "Tests\Features\Functional\Esiur.Tests.Functional.csproj", "{9BB3B5A1-CD1F-EEB6-89D5-F3D3766E740E}"
EndProject
Project("{FAE04EC0-301F-11D3-BF4B-00C04F79EFBC}") = "Esiur.Tests.ComplexModel", "Tests\Serialization\ComplexObject\Esiur.Tests.ComplexModel.csproj", "{0255BB42-2742-59C6-F18D-42C6A7C0F017}"
EndProject
Project("{FAE04EC0-301F-11D3-BF4B-00C04F79EFBC}") = "Esiur.Tests.Gvwie", "Tests\Serialization\GWVIE\Esiur.Tests.Gvwie.csproj", "{93B71253-8B62-38F4-7B0F-EFEE2619FF2F}"
EndProject
Project("{FAE04EC0-301F-11D3-BF4B-00C04F79EFBC}") = "Esiur.Examples.StandaloneWebServer", "Examples\StandaloneWebServer\Esiur.Examples.StandaloneWebServer.csproj", "{A3AACA8A-D545-BF09-EE00-73485A89B84F}"
EndProject
Project("{2150E333-8FDC-42A3-9474-1A3956D46DE8}") = "Integrations", "Integrations", "{FD02CAA6-7C5E-4F8A-8D64-0ECBE52BA9D0}"
EndProject
Project("{2150E333-8FDC-42A3-9474-1A3956D46DE8}") = "Libraries", "Libraries", "{75BD1A37-6708-4579-966C-676BB32E42EC}"
EndProject
Project("{2150E333-8FDC-42A3-9474-1A3956D46DE8}") = "Tools", "Tools", "{D4F8D620-2693-46F8-8D6B-E4E66FF2C511}"
EndProject
Project("{2150E333-8FDC-42A3-9474-1A3956D46DE8}") = "Examples", "Examples", "{71819FC3-0EE7-40E8-87C3-129E53B4EA0B}"
EndProject
Project("{FAE04EC0-301F-11D3-BF4B-00C04F79EFBC}") = "Esiur.AspNetCore", "Integrations\Esiur.AspNetCore\Esiur.AspNetCore.csproj", "{B2F79E56-20CC-8FC3-23A1-EAD37DC6C987}"
EndProject
Project("{FAE04EC0-301F-11D3-BF4B-00C04F79EFBC}") = "Esiur.Examples.AspNet", "Examples\AspNet\Esiur.Examples.AspNet.csproj", "{4F0F9616-76B1-4BF3-5454-6FB81877D3CF}"
EndProject
Project("{FAE04EC0-301F-11D3-BF4B-00C04F79EFBC}") = "Esiur", "Libraries\Esiur\Esiur.csproj", "{5E131E95-E561-8AC0-5865-1490CFD43805}"
EndProject
Project("{FAE04EC0-301F-11D3-BF4B-00C04F79EFBC}") = "Esiur.CLI", "Tools\Esiur.CLI\Esiur.CLI.csproj", "{9AD6065B-F7FD-AC29-D9EC-153C2F084386}"
EndProject
Project("{2150E333-8FDC-42A3-9474-1A3956D46DE8}") = "Stores", "Stores", "{0CB116EC-47FC-4622-9EDD-3D3048F55E2A}"
EndProject
Project("{FAE04EC0-301F-11D3-BF4B-00C04F79EFBC}") = "Esiur.Stores.MongoDB", "Stores\Esiur.Stores.MongoDB\Esiur.Stores.MongoDB.csproj", "{09B7271A-1C9B-FB05-019F-779462CB84A7}"
EndProject
Project("{FAE04EC0-301F-11D3-BF4B-00C04F79EFBC}") = "Esiur.Stores.EntityCore", "Stores\Esiur.Stores.EntityCore\Esiur.Stores.EntityCore.csproj", "{2E5449E2-9A62-16CD-0068-90FE44ABEFEE}"
EndProject
Global
	GlobalSection(SolutionConfigurationPlatforms) = preSolution
		Debug|Any CPU = Debug|Any CPU
		Release|Any CPU = Release|Any CPU
	EndGlobalSection
	GlobalSection(ProjectConfigurationPlatforms) = postSolution
		{E87F60C9-F167-3F03-A4BD-43DBB1C76BDD}.Debug|Any CPU.ActiveCfg = Debug|Any CPU
		{E87F60C9-F167-3F03-A4BD-43DBB1C76BDD}.Debug|Any CPU.Build.0 = Debug|Any CPU
		{E87F60C9-F167-3F03-A4BD-43DBB1C76BDD}.Release|Any CPU.ActiveCfg = Release|Any CPU
		{E87F60C9-F167-3F03-A4BD-43DBB1C76BDD}.Release|Any CPU.Build.0 = Release|Any CPU
		{9BB3B5A1-CD1F-EEB6-89D5-F3D3766E740E}.Debug|Any CPU.ActiveCfg = Debug|Any CPU
		{9BB3B5A1-CD1F-EEB6-89D5-F3D3766E740E}.Debug|Any CPU.Build.0 = Debug|Any CPU
		{9BB3B5A1-CD1F-EEB6-89D5-F3D3766E740E}.Release|Any CPU.ActiveCfg = Release|Any CPU
		{9BB3B5A1-CD1F-EEB6-89D5-F3D3766E740E}.Release|Any CPU.Build.0 = Release|Any CPU
		{0255BB42-2742-59C6-F18D-42C6A7C0F017}.Debug|Any CPU.ActiveCfg = Debug|Any CPU
		{0255BB42-2742-59C6-F18D-42C6A7C0F017}.Debug|Any CPU.Build.0 = Debug|Any CPU
		{0255BB42-2742-59C6-F18D-42C6A7C0F017}.Release|Any CPU.ActiveCfg = Release|Any CPU
		{0255BB42-2742-59C6-F18D-42C6A7C0F017}.Release|Any CPU.Build.0 = Release|Any CPU
		{93B71253-8B62-38F4-7B0F-EFEE2619FF2F}.Debug|Any CPU.ActiveCfg = Debug|Any CPU
		{93B71253-8B62-38F4-7B0F-EFEE2619FF2F}.Debug|Any CPU.Build.0 = Debug|Any CPU
		{93B71253-8B62-38F4-7B0F-EFEE2619FF2F}.Release|Any CPU.ActiveCfg = Release|Any CPU
		{93B71253-8B62-38F4-7B0F-EFEE2619FF2F}.Release|Any CPU.Build.0 = Release|Any CPU
		{A3AACA8A-D545-BF09-EE00-73485A89B84F}.Debug|Any CPU.ActiveCfg = Debug|Any CPU
		{A3AACA8A-D545-BF09-EE00-73485A89B84F}.Debug|Any CPU.Build.0 = Debug|Any CPU
		{A3AACA8A-D545-BF09-EE00-73485A89B84F}.Release|Any CPU.ActiveCfg = Release|Any CPU
		{A3AACA8A-D545-BF09-EE00-73485A89B84F}.Release|Any CPU.Build.0 = Release|Any CPU
		{B2F79E56-20CC-8FC3-23A1-EAD37DC6C987}.Debug|Any CPU.ActiveCfg = Debug|Any CPU
		{B2F79E56-20CC-8FC3-23A1-EAD37DC6C987}.Debug|Any CPU.Build.0 = Debug|Any CPU
		{B2F79E56-20CC-8FC3-23A1-EAD37DC6C987}.Release|Any CPU.ActiveCfg = Release|Any CPU
		{B2F79E56-20CC-8FC3-23A1-EAD37DC6C987}.Release|Any CPU.Build.0 = Release|Any CPU
		{4F0F9616-76B1-4BF3-5454-6FB81877D3CF}.Debug|Any CPU.ActiveCfg = Debug|Any CPU
		{4F0F9616-76B1-4BF3-5454-6FB81877D3CF}.Debug|Any CPU.Build.0 = Debug|Any CPU
		{4F0F9616-76B1-4BF3-5454-6FB81877D3CF}.Release|Any CPU.ActiveCfg = Release|Any CPU
		{4F0F9616-76B1-4BF3-5454-6FB81877D3CF}.Release|Any CPU.Build.0 = Release|Any CPU
		{5E131E95-E561-8AC0-5865-1490CFD43805}.Debug|Any CPU.ActiveCfg = Debug|Any CPU
		{5E131E95-E561-8AC0-5865-1490CFD43805}.Debug|Any CPU.Build.0 = Debug|Any CPU
		{5E131E95-E561-8AC0-5865-1490CFD43805}.Release|Any CPU.ActiveCfg = Release|Any CPU
		{5E131E95-E561-8AC0-5865-1490CFD43805}.Release|Any CPU.Build.0 = Release|Any CPU
		{9AD6065B-F7FD-AC29-D9EC-153C2F084386}.Debug|Any CPU.ActiveCfg = Debug|Any CPU
		{9AD6065B-F7FD-AC29-D9EC-153C2F084386}.Debug|Any CPU.Build.0 = Debug|Any CPU
		{9AD6065B-F7FD-AC29-D9EC-153C2F084386}.Release|Any CPU.ActiveCfg = Release|Any CPU
		{9AD6065B-F7FD-AC29-D9EC-153C2F084386}.Release|Any CPU.Build.0 = Release|Any CPU
		{09B7271A-1C9B-FB05-019F-779462CB84A7}.Debug|Any CPU.ActiveCfg = Debug|Any CPU
		{09B7271A-1C9B-FB05-019F-779462CB84A7}.Debug|Any CPU.Build.0 = Debug|Any CPU
		{09B7271A-1C9B-FB05-019F-779462CB84A7}.Release|Any CPU.ActiveCfg = Release|Any CPU
		{09B7271A-1C9B-FB05-019F-779462CB84A7}.Release|Any CPU.Build.0 = Release|Any CPU
		{2E5449E2-9A62-16CD-0068-90FE44ABEFEE}.Debug|Any CPU.ActiveCfg = Debug|Any CPU
		{2E5449E2-9A62-16CD-0068-90FE44ABEFEE}.Debug|Any CPU.Build.0 = Debug|Any CPU
		{2E5449E2-9A62-16CD-0068-90FE44ABEFEE}.Release|Any CPU.ActiveCfg = Release|Any CPU
		{2E5449E2-9A62-16CD-0068-90FE44ABEFEE}.Release|Any CPU.Build.0 = Release|Any CPU
	EndGlobalSection
	GlobalSection(SolutionProperties) = preSolution
		HideSolutionNode = FALSE
	EndGlobalSection
	GlobalSection(NestedProjects) = preSolution
		{6BFF5946-A829-4AD7-BFAB-80B71CD7FF49} = {2769C4C3-2595-413B-B7FE-5903826770C1}
		{7B4B39AD-B85C-4182-A385-F478A5AD28EC} = {2769C4C3-2595-413B-B7FE-5903826770C1}
		{00E37E58-7E43-4D95-83E4-75F669E89584} = {2769C4C3-2595-413B-B7FE-5903826770C1}
		{E87F60C9-F167-3F03-A4BD-43DBB1C76BDD} = {00E37E58-7E43-4D95-83E4-75F669E89584}
		{9BB3B5A1-CD1F-EEB6-89D5-F3D3766E740E} = {6BFF5946-A829-4AD7-BFAB-80B71CD7FF49}
		{0255BB42-2742-59C6-F18D-42C6A7C0F017} = {7B4B39AD-B85C-4182-A385-F478A5AD28EC}
		{93B71253-8B62-38F4-7B0F-EFEE2619FF2F} = {7B4B39AD-B85C-4182-A385-F478A5AD28EC}
		{A3AACA8A-D545-BF09-EE00-73485A89B84F} = {71819FC3-0EE7-40E8-87C3-129E53B4EA0B}
		{B2F79E56-20CC-8FC3-23A1-EAD37DC6C987} = {FD02CAA6-7C5E-4F8A-8D64-0ECBE52BA9D0}
		{4F0F9616-76B1-4BF3-5454-6FB81877D3CF} = {71819FC3-0EE7-40E8-87C3-129E53B4EA0B}
		{5E131E95-E561-8AC0-5865-1490CFD43805} = {75BD1A37-6708-4579-966C-676BB32E42EC}
		{9AD6065B-F7FD-AC29-D9EC-153C2F084386} = {D4F8D620-2693-46F8-8D6B-E4E66FF2C511}
		{09B7271A-1C9B-FB05-019F-779462CB84A7} = {0CB116EC-47FC-4622-9EDD-3D3048F55E2A}
		{2E5449E2-9A62-16CD-0068-90FE44ABEFEE} = {0CB116EC-47FC-4622-9EDD-3D3048F55E2A}
	EndGlobalSection
	GlobalSection(ExtensibilityGlobals) = postSolution
		SolutionGuid = {C584421D-5EC0-4821-B7D8-2633D8D405F2}
	EndGlobalSection
EndGlobal
