
Microsoft Visual Studio Solution File, Format Version 12.00
# Visual Studio Version 18
VisualStudioVersion = 18.4.11612.150
MinimumVisualStudioVersion = 10.0.40219.1
Project("{2150E333-8FDC-42A3-9474-1A3956D46DE8}") = "Tests", "Tests", "{2769C4C3-2595-413B-B7FE-5903826770C1}"
EndProject
Project("{2150E333-8FDC-42A3-9474-1A3956D46DE8}") = "Features", "Features", "{6BFF5946-A829-4AD7-BFAB-80B71CD7FF49}"
EndProject
Project("{2150E333-8FDC-42A3-9474-1A3956D46DE8}") = "Serialization", "Serialization", "{7B4B39AD-B85C-4182-A385-F478A5AD28EC}"
EndProject
Project("{2150E333-8FDC-42A3-9474-1A3956D46DE8}") = "AI", "AI", "{00E37E58-7E43-4D95-83E4-75F669E89584}"
EndProject
Project("{FAE04EC0-301F-11D3-BF4B-00C04F79EFBC}") = "Esiur.Tests.Annotations", "Tests\AI\Annotations\Esiur.Tests.Annotations.csproj", "{E87F60C9-F167-3F03-A4BD-43DBB1C76BDD}"
EndProject
Project("{FAE04EC0-301F-11D3-BF4B-00C04F79EFBC}") = "Esiur.Tests.Functional", "Tests\Features\Functional\Esiur.Tests.Functional.csproj", "{9BB3B5A1-CD1F-EEB6-89D5-F3D3766E740E}"
EndProject
Project("{FAE04EC0-301F-11D3-BF4B-00C04F79EFBC}") = "Esiur.Tests.ComplexModel", "Tests\Serialization\ComplexObject\Esiur.Tests.ComplexModel.csproj", "{0255BB42-2742-59C6-F18D-42C6A7C0F017}"
EndProject
Project("{FAE04EC0-301F-11D3-BF4B-00C04F79EFBC}") = "Esiur.Tests.Gvwie", "Tests\Serialization\Gvwie\Esiur.Tests.Gvwie.csproj", "{93B71253-8B62-38F4-7B0F-EFEE2619FF2F}"
EndProject
Project("{FAE04EC0-301F-11D3-BF4B-00C04F79EFBC}") = "Esiur.Examples.StandaloneWebServer", "Examples\StandaloneWebServer\Esiur.Examples.StandaloneWebServer.csproj", "{A3AACA8A-D545-BF09-EE00-73485A89B84F}"
EndProject
Project("{2150E333-8FDC-42A3-9474-1A3956D46DE8}") = "Integrations", "Integrations", "{FD02CAA6-7C5E-4F8A-8D64-0ECBE52BA9D0}"
EndProject
Project("{2150E333-8FDC-42A3-9474-1A3956D46DE8}") = "Libraries", "Libraries", "{75BD1A37-6708-4579-966C-676BB32E42EC}"
EndProject
Project("{2150E333-8FDC-42A3-9474-1A3956D46DE8}") = "Tools", "Tools", "{D4F8D620-2693-46F8-8D6B-E4E66FF2C511}"
EndProject
Project("{2150E333-8FDC-42A3-9474-1A3956D46DE8}") = "Examples", "Examples", "{71819FC3-0EE7-40E8-87C3-129E53B4EA0B}"
EndProject
Project("{FAE04EC0-301F-11D3-BF4B-00C04F79EFBC}") = "Esiur.AspNetCore", "Integrations\Esiur.AspNetCore\Esiur.AspNetCore.csproj", "{B2F79E56-20CC-8FC3-23A1-EAD37DC6C987}"
EndProject
Project("{FAE04EC0-301F-11D3-BF4B-00C04F79EFBC}") = "Esiur.Examples.AspNet", "Examples\AspNet\Esiur.Examples.AspNet.csproj", "{4F0F9616-76B1-4BF3-5454-6FB81877D3CF}"
EndProject
Project("{FAE04EC0-301F-11D3-BF4B-00C04F79EFBC}") = "Esiur", "Libraries\Esiur\Esiur.csproj", "{5E131E95-E561-8AC0-5865-1490CFD43805}"
EndProject
Project("{FAE04EC0-301F-11D3-BF4B-00C04F79EFBC}") = "Esiur.CLI", "Tools\Esiur.CLI\Esiur.CLI.csproj", "{9AD6065B-F7FD-AC29-D9EC-153C2F084386}"
EndProject
Project("{2150E333-8FDC-42A3-9474-1A3956D46DE8}") = "Stores", "Stores", "{0CB116EC-47FC-4622-9EDD-3D3048F55E2A}"
EndProject
Project("{FAE04EC0-301F-11D3-BF4B-00C04F79EFBC}") = "Esiur.Stores.MongoDB", "Stores\Esiur.Stores.MongoDB\Esiur.Stores.MongoDB.csproj", "{09B7271A-1C9B-FB05-019F-779462CB84A7}"
EndProject
Project("{FAE04EC0-301F-11D3-BF4B-00C04F79EFBC}") = "Esiur.Stores.EntityCore", "Stores\Esiur.Stores.EntityCore\Esiur.Stores.EntityCore.csproj", "{2E5449E2-9A62-16CD-0068-90FE44ABEFEE}"
EndProject
Project("{2150E333-8FDC-42A3-9474-1A3956D46DE8}") = "Distribution", "Distribution", "{94C8CFDB-C7C6-40DF-A596-647FEEA3C917}"
EndProject
Project("{2150E333-8FDC-42A3-9474-1A3956D46DE8}") = "NodeFanout", "NodeFanout", "{2E384DCC-3289-47C3-AEE8-48AB23589E41}"
EndProject
Project("{2150E333-8FDC-42A3-9474-1A3956D46DE8}") = "Server", "Server", "{5BF70037-FD23-4E4C-9EF8-AAF0BD83CE67}"
EndProject
Project("{2150E333-8FDC-42A3-9474-1A3956D46DE8}") = "Client", "Client", "{8AC1C925-068F-4E78-ADE4-4DA3CF996662}"
EndProject
Project("{FAE04EC0-301F-11D3-BF4B-00C04F79EFBC}") = "Esiur.Tests.NodeFanout.Server", "Tests\Distribution\NodeFanout\Server\Esiur.Tests.NodeFanout.Server.csproj", "{F072C376-70B4-B061-745B-0B1BDEBF8CDE}"
EndProject
Project("{FAE04EC0-301F-11D3-BF4B-00C04F79EFBC}") = "Esiur.Tests.NodeFanout.Client", "Tests\Distribution\NodeFanout\Client\Esiur.Tests.NodeFanout.Client.csproj", "{D8340DC7-5D27-2A71-74CC-634493847FF0}"
EndProject
Project("{2150E333-8FDC-42A3-9474-1A3956D46DE8}") = "ConcurrentAttach", "ConcurrentAttach", "{336B5CE1-95DA-4FDD-A876-0919E3C446CA}"
EndProject
Project("{2150E333-8FDC-42A3-9474-1A3956D46DE8}") = "ResourceCount", "ResourceCount", "{058F6BE3-A684-45F9-B61A-25839C64F503}"
EndProject
Project("{2150E333-8FDC-42A3-9474-1A3956D46DE8}") = "Server", "Server", "{DA2EC9AF-E2D9-4B8D-8EC3-CC65CFD3B974}"
EndProject
Project("{2150E333-8FDC-42A3-9474-1A3956D46DE8}") = "Client", "Client", "{413A4292-C2B3-4096-94CF-D6F607C20939}"
EndProject
Project("{FAE04EC0-301F-11D3-BF4B-00C04F79EFBC}") = "Esiur.Tests.ResourceCount.Client", "Tests\Distribution\ResourceCount\Client\Esiur.Tests.ResourceCount.Client.csproj", "{69A075E7-D924-59C6-0BF2-17A09201DDF3}"
EndProject
Project("{FAE04EC0-301F-11D3-BF4B-00C04F79EFBC}") = "Esiur.Tests.ResourceCount.Server", "Tests\Distribution\ResourceCount\Server\Esiur.Tests.ResourceCount.Server.csproj", "{D1DF309F-40DE-9C0E-A78B-2648544B77D2}"
EndProject
Project("{FAE04EC0-301F-11D3-BF4B-00C04F79EFBC}") = "Esiur.Tests.ConcurrentAttach", "Tests\Distribution\ConcurrentAttach\Esiur.Tests.ConcurrentAttach.csproj", "{7D88CAF1-1887-A011-BA72-F38C87C1A7D9}"
EndProject
Project("{2150E333-8FDC-42A3-9474-1A3956D46DE8}") = "Queueing", "Queueing", "{6F173323-75C1-4142-A4FE-0CEC2EB5EAF9}"
EndProject
Project("{FAE04EC0-301F-11D3-BF4B-00C04F79EFBC}") = "Esiur.Tests.Queueing.Client", "Tests\Distribution\Queueing\Client\Esiur.Tests.Queueing.Client.csproj", "{E7BF2911-582D-C403-254F-F7FC895BFD68}"
EndProject
Project("{2150E333-8FDC-42A3-9474-1A3956D46DE8}") = "Client", "Client", "{543158AD-BCB6-44A5-91AB-FE97B42A9C95}"
EndProject
Project("{2150E333-8FDC-42A3-9474-1A3956D46DE8}") = "Server", "Server", "{02A07E3C-67DB-4489-88E3-D568C477F540}"
EndProject
Project("{FAE04EC0-301F-11D3-BF4B-00C04F79EFBC}") = "Esiur.Tests.Queueing.Server", "Tests\Distribution\Queueing\Server\Esiur.Tests.Queueing.Server.csproj", "{7FD57668-2AD8-0F53-4006-03927B5A385C}"
EndProject
Project("{2150E333-8FDC-42A3-9474-1A3956D46DE8}") = "NodeFanoutSweep", "NodeFanoutSweep", "{33D973D8-4D3E-47BA-8135-FCA0CFF7E210}"
EndProject
Project("{2150E333-8FDC-42A3-9474-1A3956D46DE8}") = "Server", "Server", "{57E80693-7AFC-4446-87DE-25E97C036E2F}"
EndProject
Project("{2150E333-8FDC-42A3-9474-1A3956D46DE8}") = "Client", "Client", "{21D42B96-99F9-4E48-A499-5170A5A9597F}"
EndProject
Project("{2150E333-8FDC-42A3-9474-1A3956D46DE8}") = "ConcurrentAttachSweep", "ConcurrentAttachSweep", "{E713D25F-2602-44C9-AB9E-C9477FB2BA93}"
EndProject
Project("{FAE04EC0-301F-11D3-BF4B-00C04F79EFBC}") = "Esiur.Tests.ConcurrentAttachSweep", "Tests\Distribution\ConcurrentAttachSweep\Esiur.Tests.ConcurrentAttachSweep.csproj", "{3FFB2BF4-159E-3073-4BDF-08AE93C7A2C1}"
EndProject
Project("{FAE04EC0-301F-11D3-BF4B-00C04F79EFBC}") = "Esiur.Tests.Unit", "Tests\Unit\Esiur.Tests.Unit.csproj", "{D1B99C5A-82F7-459D-B56D-F8FD096D3854}"
EndProject
Project("{2150E333-8FDC-42A3-9474-1A3956D46DE8}") = "Deadlock", "Deadlock", "{C5FB16A3-952C-4078-A15A-3C7CE42E73B5}"
EndProject
Project("{2150E333-8FDC-42A3-9474-1A3956D46DE8}") = "Client", "Client", "{22A76A25-333D-4516-8EA6-4D03E3023183}"
EndProject
Project("{FAE04EC0-301F-11D3-BF4B-00C04F79EFBC}") = "Esiur.Tests.Deadlock.Client", "Tests\Distribution\Deadlock\Client\Esiur.Tests.Deadlock.Client.csproj", "{28A7F758-951B-6502-6EA4-C216BA12F77C}"
EndProject
Project("{2150E333-8FDC-42A3-9474-1A3956D46DE8}") = "Server", "Server", "{967F62B4-2815-473F-9F1E-E7F146EE8872}"
EndProject
Project("{FAE04EC0-301F-11D3-BF4B-00C04F79EFBC}") = "Esiur.Tests.Deadlock.Server", "Tests\Distribution\Deadlock\Server\Esiur.Tests.Deadlock.Server.csproj", "{F2FE7C0B-58C1-D768-C37A-D428D2B85940}"
EndProject
Project("{FAE04EC0-301F-11D3-BF4B-00C04F79EFBC}") = "Esiur.Tests.NodeFanoutSweep.Client", "Tests\Distribution\NodeFanoutSweep\Client\Esiur.Tests.NodeFanoutSweep.Client.csproj", "{550A20AB-8E97-BCDD-9F54-27823663120A}"
EndProject
Project("{FAE04EC0-301F-11D3-BF4B-00C04F79EFBC}") = "Esiur.Tests.NodeFanoutSweep.Server", "Tests\Distribution\NodeFanoutSweep\Server\Esiur.Tests.NodeFanoutSweep.Server.csproj", "{9FF626DF-1AD4-2BE1-F834-F49121D65085}"
EndProject
Global
	GlobalSection(SolutionConfigurationPlatforms) = preSolution
		Debug|Any CPU = Debug|Any CPU
		Debug|x64 = Debug|x64
		Debug|x86 = Debug|x86
		Release|Any CPU = Release|Any CPU
		Release|x64 = Release|x64
		Release|x86 = Release|x86
	EndGlobalSection
	GlobalSection(ProjectConfigurationPlatforms) = postSolution
		{E87F60C9-F167-3F03-A4BD-43DBB1C76BDD}.Debug|Any CPU.ActiveCfg = Debug|Any CPU
		{E87F60C9-F167-3F03-A4BD-43DBB1C76BDD}.Debug|Any CPU.Build.0 = Debug|Any CPU
		{E87F60C9-F167-3F03-A4BD-43DBB1C76BDD}.Debug|x64.ActiveCfg = Debug|Any CPU
		{E87F60C9-F167-3F03-A4BD-43DBB1C76BDD}.Debug|x64.Build.0 = Debug|Any CPU
		{E87F60C9-F167-3F03-A4BD-43DBB1C76BDD}.Debug|x86.ActiveCfg = Debug|Any CPU
		{E87F60C9-F167-3F03-A4BD-43DBB1C76BDD}.Debug|x86.Build.0 = Debug|Any CPU
		{E87F60C9-F167-3F03-A4BD-43DBB1C76BDD}.Release|Any CPU.ActiveCfg = Release|Any CPU
		{E87F60C9-F167-3F03-A4BD-43DBB1C76BDD}.Release|Any CPU.Build.0 = Release|Any CPU
		{E87F60C9-F167-3F03-A4BD-43DBB1C76BDD}.Release|x64.ActiveCfg = Release|Any CPU
		{E87F60C9-F167-3F03-A4BD-43DBB1C76BDD}.Release|x64.Build.0 = Release|Any CPU
		{E87F60C9-F167-3F03-A4BD-43DBB1C76BDD}.Release|x86.ActiveCfg = Release|Any CPU
		{E87F60C9-F167-3F03-A4BD-43DBB1C76BDD}.Release|x86.Build.0 = Release|Any CPU
		{9BB3B5A1-CD1F-EEB6-89D5-F3D3766E740E}.Debug|Any CPU.ActiveCfg = Debug|Any CPU
		{9BB3B5A1-CD1F-EEB6-89D5-F3D3766E740E}.Debug|Any CPU.Build.0 = Debug|Any CPU
		{9BB3B5A1-CD1F-EEB6-89D5-F3D3766E740E}.Debug|x64.ActiveCfg = Debug|Any CPU
		{9BB3B5A1-CD1F-EEB6-89D5-F3D3766E740E}.Debug|x64.Build.0 = Debug|Any CPU
		{9BB3B5A1-CD1F-EEB6-89D5-F3D3766E740E}.Debug|x86.ActiveCfg = Debug|Any CPU
		{9BB3B5A1-CD1F-EEB6-89D5-F3D3766E740E}.Debug|x86.Build.0 = Debug|Any CPU
		{9BB3B5A1-CD1F-EEB6-89D5-F3D3766E740E}.Release|Any CPU.ActiveCfg = Release|Any CPU
		{9BB3B5A1-CD1F-EEB6-89D5-F3D3766E740E}.Release|Any CPU.Build.0 = Release|Any CPU
		{9BB3B5A1-CD1F-EEB6-89D5-F3D3766E740E}.Release|x64.ActiveCfg = Release|Any CPU
		{9BB3B5A1-CD1F-EEB6-89D5-F3D3766E740E}.Release|x64.Build.0 = Release|Any CPU
		{9BB3B5A1-CD1F-EEB6-89D5-F3D3766E740E}.Release|x86.ActiveCfg = Release|Any CPU
		{9BB3B5A1-CD1F-EEB6-89D5-F3D3766E740E}.Release|x86.Build.0 = Release|Any CPU
		{0255BB42-2742-59C6-F18D-42C6A7C0F017}.Debug|Any CPU.ActiveCfg = Debug|Any CPU
		{0255BB42-2742-59C6-F18D-42C6A7C0F017}.Debug|Any CPU.Build.0 = Debug|Any CPU
		{0255BB42-2742-59C6-F18D-42C6A7C0F017}.Debug|x64.ActiveCfg = Debug|Any CPU
		{0255BB42-2742-59C6-F18D-42C6A7C0F017}.Debug|x64.Build.0 = Debug|Any CPU
		{0255BB42-2742-59C6-F18D-42C6A7C0F017}.Debug|x86.ActiveCfg = Debug|Any CPU
		{0255BB42-2742-59C6-F18D-42C6A7C0F017}.Debug|x86.Build.0 = Debug|Any CPU
		{0255BB42-2742-59C6-F18D-42C6A7C0F017}.Release|Any CPU.ActiveCfg = Release|Any CPU
		{0255BB42-2742-59C6-F18D-42C6A7C0F017}.Release|Any CPU.Build.0 = Release|Any CPU
		{0255BB42-2742-59C6-F18D-42C6A7C0F017}.Release|x64.ActiveCfg = Release|Any CPU
		{0255BB42-2742-59C6-F18D-42C6A7C0F017}.Release|x64.Build.0 = Release|Any CPU
		{0255BB42-2742-59C6-F18D-42C6A7C0F017}.Release|x86.ActiveCfg = Release|Any CPU
		{0255BB42-2742-59C6-F18D-42C6A7C0F017}.Release|x86.Build.0 = Release|Any CPU
		{93B71253-8B62-38F4-7B0F-EFEE2619FF2F}.Debug|Any CPU.ActiveCfg = Debug|Any CPU
		{93B71253-8B62-38F4-7B0F-EFEE2619FF2F}.Debug|Any CPU.Build.0 = Debug|Any CPU
		{93B71253-8B62-38F4-7B0F-EFEE2619FF2F}.Debug|x64.ActiveCfg = Debug|Any CPU
		{93B71253-8B62-38F4-7B0F-EFEE2619FF2F}.Debug|x64.Build.0 = Debug|Any CPU
		{93B71253-8B62-38F4-7B0F-EFEE2619FF2F}.Debug|x86.ActiveCfg = Debug|Any CPU
		{93B71253-8B62-38F4-7B0F-EFEE2619FF2F}.Debug|x86.Build.0 = Debug|Any CPU
		{93B71253-8B62-38F4-7B0F-EFEE2619FF2F}.Release|Any CPU.ActiveCfg = Release|Any CPU
		{93B71253-8B62-38F4-7B0F-EFEE2619FF2F}.Release|Any CPU.Build.0 = Release|Any CPU
		{93B71253-8B62-38F4-7B0F-EFEE2619FF2F}.Release|x64.ActiveCfg = Release|Any CPU
		{93B71253-8B62-38F4-7B0F-EFEE2619FF2F}.Release|x64.Build.0 = Release|Any CPU
		{93B71253-8B62-38F4-7B0F-EFEE2619FF2F}.Release|x86.ActiveCfg = Release|Any CPU
		{93B71253-8B62-38F4-7B0F-EFEE2619FF2F}.Release|x86.Build.0 = Release|Any CPU
		{A3AACA8A-D545-BF09-EE00-73485A89B84F}.Debug|Any CPU.ActiveCfg = Debug|Any CPU
		{A3AACA8A-D545-BF09-EE00-73485A89B84F}.Debug|Any CPU.Build.0 = Debug|Any CPU
		{A3AACA8A-D545-BF09-EE00-73485A89B84F}.Debug|x64.ActiveCfg = Debug|Any CPU
		{A3AACA8A-D545-BF09-EE00-73485A89B84F}.Debug|x64.Build.0 = Debug|Any CPU
		{A3AACA8A-D545-BF09-EE00-73485A89B84F}.Debug|x86.ActiveCfg = Debug|Any CPU
		{A3AACA8A-D545-BF09-EE00-73485A89B84F}.Debug|x86.Build.0 = Debug|Any CPU
		{A3AACA8A-D545-BF09-EE00-73485A89B84F}.Release|Any CPU.ActiveCfg = Release|Any CPU
		{A3AACA8A-D545-BF09-EE00-73485A89B84F}.Release|Any CPU.Build.0 = Release|Any CPU
		{A3AACA8A-D545-BF09-EE00-73485A89B84F}.Release|x64.ActiveCfg = Release|Any CPU
		{A3AACA8A-D545-BF09-EE00-73485A89B84F}.Release|x64.Build.0 = Release|Any CPU
		{A3AACA8A-D545-BF09-EE00-73485A89B84F}.Release|x86.ActiveCfg = Release|Any CPU
		{A3AACA8A-D545-BF09-EE00-73485A89B84F}.Release|x86.Build.0 = Release|Any CPU
		{B2F79E56-20CC-8FC3-23A1-EAD37DC6C987}.Debug|Any CPU.ActiveCfg = Debug|Any CPU
		{B2F79E56-20CC-8FC3-23A1-EAD37DC6C987}.Debug|Any CPU.Build.0 = Debug|Any CPU
		{B2F79E56-20CC-8FC3-23A1-EAD37DC6C987}.Debug|x64.ActiveCfg = Debug|Any CPU
		{B2F79E56-20CC-8FC3-23A1-EAD37DC6C987}.Debug|x64.Build.0 = Debug|Any CPU
		{B2F79E56-20CC-8FC3-23A1-EAD37DC6C987}.Debug|x86.ActiveCfg = Debug|Any CPU
		{B2F79E56-20CC-8FC3-23A1-EAD37DC6C987}.Debug|x86.Build.0 = Debug|Any CPU
		{B2F79E56-20CC-8FC3-23A1-EAD37DC6C987}.Release|Any CPU.ActiveCfg = Release|Any CPU
		{B2F79E56-20CC-8FC3-23A1-EAD37DC6C987}.Release|Any CPU.Build.0 = Release|Any CPU
		{B2F79E56-20CC-8FC3-23A1-EAD37DC6C987}.Release|x64.ActiveCfg = Release|Any CPU
		{B2F79E56-20CC-8FC3-23A1-EAD37DC6C987}.Release|x64.Build.0 = Release|Any CPU
		{B2F79E56-20CC-8FC3-23A1-EAD37DC6C987}.Release|x86.ActiveCfg = Release|Any CPU
		{B2F79E56-20CC-8FC3-23A1-EAD37DC6C987}.Release|x86.Build.0 = Release|Any CPU
		{4F0F9616-76B1-4BF3-5454-6FB81877D3CF}.Debug|Any CPU.ActiveCfg = Debug|Any CPU
		{4F0F9616-76B1-4BF3-5454-6FB81877D3CF}.Debug|Any CPU.Build.0 = Debug|Any CPU
		{4F0F9616-76B1-4BF3-5454-6FB81877D3CF}.Debug|x64.ActiveCfg = Debug|Any CPU
		{4F0F9616-76B1-4BF3-5454-6FB81877D3CF}.Debug|x64.Build.0 = Debug|Any CPU
		{4F0F9616-76B1-4BF3-5454-6FB81877D3CF}.Debug|x86.ActiveCfg = Debug|Any CPU
		{4F0F9616-76B1-4BF3-5454-6FB81877D3CF}.Debug|x86.Build.0 = Debug|Any CPU
		{4F0F9616-76B1-4BF3-5454-6FB81877D3CF}.Release|Any CPU.ActiveCfg = Release|Any CPU
		{4F0F9616-76B1-4BF3-5454-6FB81877D3CF}.Release|Any CPU.Build.0 = Release|Any CPU
		{4F0F9616-76B1-4BF3-5454-6FB81877D3CF}.Release|x64.ActiveCfg = Release|Any CPU
		{4F0F9616-76B1-4BF3-5454-6FB81877D3CF}.Release|x64.Build.0 = Release|Any CPU
		{4F0F9616-76B1-4BF3-5454-6FB81877D3CF}.Release|x86.ActiveCfg = Release|Any CPU
		{4F0F9616-76B1-4BF3-5454-6FB81877D3CF}.Release|x86.Build.0 = Release|Any CPU
		{5E131E95-E561-8AC0-5865-1490CFD43805}.Debug|Any CPU.ActiveCfg = Debug|Any CPU
		{5E131E95-E561-8AC0-5865-1490CFD43805}.Debug|Any CPU.Build.0 = Debug|Any CPU
		{5E131E95-E561-8AC0-5865-1490CFD43805}.Debug|x64.ActiveCfg = Debug|Any CPU
		{5E131E95-E561-8AC0-5865-1490CFD43805}.Debug|x64.Build.0 = Debug|Any CPU
		{5E131E95-E561-8AC0-5865-1490CFD43805}.Debug|x86.ActiveCfg = Debug|Any CPU
		{5E131E95-E561-8AC0-5865-1490CFD43805}.Debug|x86.Build.0 = Debug|Any CPU
		{5E131E95-E561-8AC0-5865-1490CFD43805}.Release|Any CPU.ActiveCfg = Release|Any CPU
		{5E131E95-E561-8AC0-5865-1490CFD43805}.Release|Any CPU.Build.0 = Release|Any CPU
		{5E131E95-E561-8AC0-5865-1490CFD43805}.Release|x64.ActiveCfg = Release|Any CPU
		{5E131E95-E561-8AC0-5865-1490CFD43805}.Release|x64.Build.0 = Release|Any CPU
		{5E131E95-E561-8AC0-5865-1490CFD43805}.Release|x86.ActiveCfg = Release|Any CPU
		{5E131E95-E561-8AC0-5865-1490CFD43805}.Release|x86.Build.0 = Release|Any CPU
		{9AD6065B-F7FD-AC29-D9EC-153C2F084386}.Debug|Any CPU.ActiveCfg = Debug|Any CPU
		{9AD6065B-F7FD-AC29-D9EC-153C2F084386}.Debug|Any CPU.Build.0 = Debug|Any CPU
		{9AD6065B-F7FD-AC29-D9EC-153C2F084386}.Debug|x64.ActiveCfg = Debug|Any CPU
		{9AD6065B-F7FD-AC29-D9EC-153C2F084386}.Debug|x64.Build.0 = Debug|Any CPU
		{9AD6065B-F7FD-AC29-D9EC-153C2F084386}.Debug|x86.ActiveCfg = Debug|Any CPU
		{9AD6065B-F7FD-AC29-D9EC-153C2F084386}.Debug|x86.Build.0 = Debug|Any CPU
		{9AD6065B-F7FD-AC29-D9EC-153C2F084386}.Release|Any CPU.ActiveCfg = Release|Any CPU
		{9AD6065B-F7FD-AC29-D9EC-153C2F084386}.Release|Any CPU.Build.0 = Release|Any CPU
		{9AD6065B-F7FD-AC29-D9EC-153C2F084386}.Release|x64.ActiveCfg = Release|Any CPU
		{9AD6065B-F7FD-AC29-D9EC-153C2F084386}.Release|x64.Build.0 = Release|Any CPU
		{9AD6065B-F7FD-AC29-D9EC-153C2F084386}.Release|x86.ActiveCfg = Release|Any CPU
		{9AD6065B-F7FD-AC29-D9EC-153C2F084386}.Release|x86.Build.0 = Release|Any CPU
		{09B7271A-1C9B-FB05-019F-779462CB84A7}.Debug|Any CPU.ActiveCfg = Debug|Any CPU
		{09B7271A-1C9B-FB05-019F-779462CB84A7}.Debug|Any CPU.Build.0 = Debug|Any CPU
		{09B7271A-1C9B-FB05-019F-779462CB84A7}.Debug|x64.ActiveCfg = Debug|Any CPU
		{09B7271A-1C9B-FB05-019F-779462CB84A7}.Debug|x64.Build.0 = Debug|Any CPU
		{09B7271A-1C9B-FB05-019F-779462CB84A7}.Debug|x86.ActiveCfg = Debug|Any CPU
		{09B7271A-1C9B-FB05-019F-779462CB84A7}.Debug|x86.Build.0 = Debug|Any CPU
		{09B7271A-1C9B-FB05-019F-779462CB84A7}.Release|Any CPU.ActiveCfg = Release|Any CPU
		{09B7271A-1C9B-FB05-019F-779462CB84A7}.Release|Any CPU.Build.0 = Release|Any CPU
		{09B7271A-1C9B-FB05-019F-779462CB84A7}.Release|x64.ActiveCfg = Release|Any CPU
		{09B7271A-1C9B-FB05-019F-779462CB84A7}.Release|x64.Build.0 = Release|Any CPU
		{09B7271A-1C9B-FB05-019F-779462CB84A7}.Release|x86.ActiveCfg = Release|Any CPU
		{09B7271A-1C9B-FB05-019F-779462CB84A7}.Release|x86.Build.0 = Release|Any CPU
		{2E5449E2-9A62-16CD-0068-90FE44ABEFEE}.Debug|Any CPU.ActiveCfg = Debug|Any CPU
		{2E5449E2-9A62-16CD-0068-90FE44ABEFEE}.Debug|Any CPU.Build.0 = Debug|Any CPU
		{2E5449E2-9A62-16CD-0068-90FE44ABEFEE}.Debug|x64.ActiveCfg = Debug|Any CPU
		{2E5449E2-9A62-16CD-0068-90FE44ABEFEE}.Debug|x64.Build.0 = Debug|Any CPU
		{2E5449E2-9A62-16CD-0068-90FE44ABEFEE}.Debug|x86.ActiveCfg = Debug|Any CPU
		{2E5449E2-9A62-16CD-0068-90FE44ABEFEE}.Debug|x86.Build.0 = Debug|Any CPU
		{2E5449E2-9A62-16CD-0068-90FE44ABEFEE}.Release|Any CPU.ActiveCfg = Release|Any CPU
		{2E5449E2-9A62-16CD-0068-90FE44ABEFEE}.Release|Any CPU.Build.0 = Release|Any CPU
		{2E5449E2-9A62-16CD-0068-90FE44ABEFEE}.Release|x64.ActiveCfg = Release|Any CPU
		{2E5449E2-9A62-16CD-0068-90FE44ABEFEE}.Release|x64.Build.0 = Release|Any CPU
		{2E5449E2-9A62-16CD-0068-90FE44ABEFEE}.Release|x86.ActiveCfg = Release|Any CPU
		{2E5449E2-9A62-16CD-0068-90FE44ABEFEE}.Release|x86.Build.0 = Release|Any CPU
		{F072C376-70B4-B061-745B-0B1BDEBF8CDE}.Debug|Any CPU.ActiveCfg = Debug|Any CPU
		{F072C376-70B4-B061-745B-0B1BDEBF8CDE}.Debug|Any CPU.Build.0 = Debug|Any CPU
		{F072C376-70B4-B061-745B-0B1BDEBF8CDE}.Debug|x64.ActiveCfg = Debug|Any CPU
		{F072C376-70B4-B061-745B-0B1BDEBF8CDE}.Debug|x64.Build.0 = Debug|Any CPU
		{F072C376-70B4-B061-745B-0B1BDEBF8CDE}.Debug|x86.ActiveCfg = Debug|Any CPU
		{F072C376-70B4-B061-745B-0B1BDEBF8CDE}.Debug|x86.Build.0 = Debug|Any CPU
		{F072C376-70B4-B061-745B-0B1BDEBF8CDE}.Release|Any CPU.ActiveCfg = Release|Any CPU
		{F072C376-70B4-B061-745B-0B1BDEBF8CDE}.Release|Any CPU.Build.0 = Release|Any CPU
		{F072C376-70B4-B061-745B-0B1BDEBF8CDE}.Release|x64.ActiveCfg = Release|Any CPU
		{F072C376-70B4-B061-745B-0B1BDEBF8CDE}.Release|x64.Build.0 = Release|Any CPU
		{F072C376-70B4-B061-745B-0B1BDEBF8CDE}.Release|x86.ActiveCfg = Release|Any CPU
		{F072C376-70B4-B061-745B-0B1BDEBF8CDE}.Release|x86.Build.0 = Release|Any CPU
		{D8340DC7-5D27-2A71-74CC-634493847FF0}.Debug|Any CPU.ActiveCfg = Debug|Any CPU
		{D8340DC7-5D27-2A71-74CC-634493847FF0}.Debug|Any CPU.Build.0 = Debug|Any CPU
		{D8340DC7-5D27-2A71-74CC-634493847FF0}.Debug|x64.ActiveCfg = Debug|Any CPU
		{D8340DC7-5D27-2A71-74CC-634493847FF0}.Debug|x64.Build.0 = Debug|Any CPU
		{D8340DC7-5D27-2A71-74CC-634493847FF0}.Debug|x86.ActiveCfg = Debug|Any CPU
		{D8340DC7-5D27-2A71-74CC-634493847FF0}.Debug|x86.Build.0 = Debug|Any CPU
		{D8340DC7-5D27-2A71-74CC-634493847FF0}.Release|Any CPU.ActiveCfg = Release|Any CPU
		{D8340DC7-5D27-2A71-74CC-634493847FF0}.Release|Any CPU.Build.0 = Release|Any CPU
		{D8340DC7-5D27-2A71-74CC-634493847FF0}.Release|x64.ActiveCfg = Release|Any CPU
		{D8340DC7-5D27-2A71-74CC-634493847FF0}.Release|x64.Build.0 = Release|Any CPU
		{D8340DC7-5D27-2A71-74CC-634493847FF0}.Release|x86.ActiveCfg = Release|Any CPU
		{D8340DC7-5D27-2A71-74CC-634493847FF0}.Release|x86.Build.0 = Release|Any CPU
		{69A075E7-D924-59C6-0BF2-17A09201DDF3}.Debug|Any CPU.ActiveCfg = Debug|Any CPU
		{69A075E7-D924-59C6-0BF2-17A09201DDF3}.Debug|Any CPU.Build.0 = Debug|Any CPU
		{69A075E7-D924-59C6-0BF2-17A09201DDF3}.Debug|x64.ActiveCfg = Debug|Any CPU
		{69A075E7-D924-59C6-0BF2-17A09201DDF3}.Debug|x64.Build.0 = Debug|Any CPU
		{69A075E7-D924-59C6-0BF2-17A09201DDF3}.Debug|x86.ActiveCfg = Debug|Any CPU
		{69A075E7-D924-59C6-0BF2-17A09201DDF3}.Debug|x86.Build.0 = Debug|Any CPU
		{69A075E7-D924-59C6-0BF2-17A09201DDF3}.Release|Any CPU.ActiveCfg = Release|Any CPU
		{69A075E7-D924-59C6-0BF2-17A09201DDF3}.Release|Any CPU.Build.0 = Release|Any CPU
		{69A075E7-D924-59C6-0BF2-17A09201DDF3}.Release|x64.ActiveCfg = Release|Any CPU
		{69A075E7-D924-59C6-0BF2-17A09201DDF3}.Release|x64.Build.0 = Release|Any CPU
		{69A075E7-D924-59C6-0BF2-17A09201DDF3}.Release|x86.ActiveCfg = Release|Any CPU
		{69A075E7-D924-59C6-0BF2-17A09201DDF3}.Release|x86.Build.0 = Release|Any CPU
		{D1DF309F-40DE-9C0E-A78B-2648544B77D2}.Debug|Any CPU.ActiveCfg = Debug|Any CPU
		{D1DF309F-40DE-9C0E-A78B-2648544B77D2}.Debug|Any CPU.Build.0 = Debug|Any CPU
		{D1DF309F-40DE-9C0E-A78B-2648544B77D2}.Debug|x64.ActiveCfg = Debug|Any CPU
		{D1DF309F-40DE-9C0E-A78B-2648544B77D2}.Debug|x64.Build.0 = Debug|Any CPU
		{D1DF309F-40DE-9C0E-A78B-2648544B77D2}.Debug|x86.ActiveCfg = Debug|Any CPU
		{D1DF309F-40DE-9C0E-A78B-2648544B77D2}.Debug|x86.Build.0 = Debug|Any CPU
		{D1DF309F-40DE-9C0E-A78B-2648544B77D2}.Release|Any CPU.ActiveCfg = Release|Any CPU
		{D1DF309F-40DE-9C0E-A78B-2648544B77D2}.Release|Any CPU.Build.0 = Release|Any CPU
		{D1DF309F-40DE-9C0E-A78B-2648544B77D2}.Release|x64.ActiveCfg = Release|Any CPU
		{D1DF309F-40DE-9C0E-A78B-2648544B77D2}.Release|x64.Build.0 = Release|Any CPU
		{D1DF309F-40DE-9C0E-A78B-2648544B77D2}.Release|x86.ActiveCfg = Release|Any CPU
		{D1DF309F-40DE-9C0E-A78B-2648544B77D2}.Release|x86.Build.0 = Release|Any CPU
		{7D88CAF1-1887-A011-BA72-F38C87C1A7D9}.Debug|Any CPU.ActiveCfg = Debug|Any CPU
		{7D88CAF1-1887-A011-BA72-F38C87C1A7D9}.Debug|Any CPU.Build.0 = Debug|Any CPU
		{7D88CAF1-1887-A011-BA72-F38C87C1A7D9}.Debug|x64.ActiveCfg = Debug|Any CPU
		{7D88CAF1-1887-A011-BA72-F38C87C1A7D9}.Debug|x64.Build.0 = Debug|Any CPU
		{7D88CAF1-1887-A011-BA72-F38C87C1A7D9}.Debug|x86.ActiveCfg = Debug|Any CPU
		{7D88CAF1-1887-A011-BA72-F38C87C1A7D9}.Debug|x86.Build.0 = Debug|Any CPU
		{7D88CAF1-1887-A011-BA72-F38C87C1A7D9}.Release|Any CPU.ActiveCfg = Release|Any CPU
		{7D88CAF1-1887-A011-BA72-F38C87C1A7D9}.Release|Any CPU.Build.0 = Release|Any CPU
		{7D88CAF1-1887-A011-BA72-F38C87C1A7D9}.Release|x64.ActiveCfg = Release|Any CPU
		{7D88CAF1-1887-A011-BA72-F38C87C1A7D9}.Release|x64.Build.0 = Release|Any CPU
		{7D88CAF1-1887-A011-BA72-F38C87C1A7D9}.Release|x86.ActiveCfg = Release|Any CPU
		{7D88CAF1-1887-A011-BA72-F38C87C1A7D9}.Release|x86.Build.0 = Release|Any CPU
		{E7BF2911-582D-C403-254F-F7FC895BFD68}.Debug|Any CPU.ActiveCfg = Debug|Any CPU
		{E7BF2911-582D-C403-254F-F7FC895BFD68}.Debug|Any CPU.Build.0 = Debug|Any CPU
		{E7BF2911-582D-C403-254F-F7FC895BFD68}.Debug|x64.ActiveCfg = Debug|Any CPU
		{E7BF2911-582D-C403-254F-F7FC895BFD68}.Debug|x64.Build.0 = Debug|Any CPU
		{E7BF2911-582D-C403-254F-F7FC895BFD68}.Debug|x86.ActiveCfg = Debug|Any CPU
		{E7BF2911-582D-C403-254F-F7FC895BFD68}.Debug|x86.Build.0 = Debug|Any CPU
		{E7BF2911-582D-C403-254F-F7FC895BFD68}.Release|Any CPU.ActiveCfg = Release|Any CPU
		{E7BF2911-582D-C403-254F-F7FC895BFD68}.Release|Any CPU.Build.0 = Release|Any CPU
		{E7BF2911-582D-C403-254F-F7FC895BFD68}.Release|x64.ActiveCfg = Release|Any CPU
		{E7BF2911-582D-C403-254F-F7FC895BFD68}.Release|x64.Build.0 = Release|Any CPU
		{E7BF2911-582D-C403-254F-F7FC895BFD68}.Release|x86.ActiveCfg = Release|Any CPU
		{E7BF2911-582D-C403-254F-F7FC895BFD68}.Release|x86.Build.0 = Release|Any CPU
		{7FD57668-2AD8-0F53-4006-03927B5A385C}.Debug|Any CPU.ActiveCfg = Debug|Any CPU
		{7FD57668-2AD8-0F53-4006-03927B5A385C}.Debug|Any CPU.Build.0 = Debug|Any CPU
		{7FD57668-2AD8-0F53-4006-03927B5A385C}.Debug|x64.ActiveCfg = Debug|Any CPU
		{7FD57668-2AD8-0F53-4006-03927B5A385C}.Debug|x64.Build.0 = Debug|Any CPU
		{7FD57668-2AD8-0F53-4006-03927B5A385C}.Debug|x86.ActiveCfg = Debug|Any CPU
		{7FD57668-2AD8-0F53-4006-03927B5A385C}.Debug|x86.Build.0 = Debug|Any CPU
		{7FD57668-2AD8-0F53-4006-03927B5A385C}.Release|Any CPU.ActiveCfg = Release|Any CPU
		{7FD57668-2AD8-0F53-4006-03927B5A385C}.Release|Any CPU.Build.0 = Release|Any CPU
		{7FD57668-2AD8-0F53-4006-03927B5A385C}.Release|x64.ActiveCfg = Release|Any CPU
		{7FD57668-2AD8-0F53-4006-03927B5A385C}.Release|x64.Build.0 = Release|Any CPU
		{7FD57668-2AD8-0F53-4006-03927B5A385C}.Release|x86.ActiveCfg = Release|Any CPU
		{7FD57668-2AD8-0F53-4006-03927B5A385C}.Release|x86.Build.0 = Release|Any CPU
		{3FFB2BF4-159E-3073-4BDF-08AE93C7A2C1}.Debug|Any CPU.ActiveCfg = Debug|Any CPU
		{3FFB2BF4-159E-3073-4BDF-08AE93C7A2C1}.Debug|Any CPU.Build.0 = Debug|Any CPU
		{3FFB2BF4-159E-3073-4BDF-08AE93C7A2C1}.Debug|x64.ActiveCfg = Debug|Any CPU
		{3FFB2BF4-159E-3073-4BDF-08AE93C7A2C1}.Debug|x64.Build.0 = Debug|Any CPU
		{3FFB2BF4-159E-3073-4BDF-08AE93C7A2C1}.Debug|x86.ActiveCfg = Debug|Any CPU
		{3FFB2BF4-159E-3073-4BDF-08AE93C7A2C1}.Debug|x86.Build.0 = Debug|Any CPU
		{3FFB2BF4-159E-3073-4BDF-08AE93C7A2C1}.Release|Any CPU.ActiveCfg = Release|Any CPU
		{3FFB2BF4-159E-3073-4BDF-08AE93C7A2C1}.Release|Any CPU.Build.0 = Release|Any CPU
		{3FFB2BF4-159E-3073-4BDF-08AE93C7A2C1}.Release|x64.ActiveCfg = Release|Any CPU
		{3FFB2BF4-159E-3073-4BDF-08AE93C7A2C1}.Release|x64.Build.0 = Release|Any CPU
		{3FFB2BF4-159E-3073-4BDF-08AE93C7A2C1}.Release|x86.ActiveCfg = Release|Any CPU
		{3FFB2BF4-159E-3073-4BDF-08AE93C7A2C1}.Release|x86.Build.0 = Release|Any CPU
		{D1B99C5A-82F7-459D-B56D-F8FD096D3854}.Debug|Any CPU.ActiveCfg = Debug|Any CPU
		{D1B99C5A-82F7-459D-B56D-F8FD096D3854}.Debug|Any CPU.Build.0 = Debug|Any CPU
		{D1B99C5A-82F7-459D-B56D-F8FD096D3854}.Debug|x64.ActiveCfg = Debug|Any CPU
		{D1B99C5A-82F7-459D-B56D-F8FD096D3854}.Debug|x64.Build.0 = Debug|Any CPU
		{D1B99C5A-82F7-459D-B56D-F8FD096D3854}.Debug|x86.ActiveCfg = Debug|Any CPU
		{D1B99C5A-82F7-459D-B56D-F8FD096D3854}.Debug|x86.Build.0 = Debug|Any CPU
		{D1B99C5A-82F7-459D-B56D-F8FD096D3854}.Release|Any CPU.ActiveCfg = Release|Any CPU
		{D1B99C5A-82F7-459D-B56D-F8FD096D3854}.Release|Any CPU.Build.0 = Release|Any CPU
		{D1B99C5A-82F7-459D-B56D-F8FD096D3854}.Release|x64.ActiveCfg = Release|Any CPU
		{D1B99C5A-82F7-459D-B56D-F8FD096D3854}.Release|x64.Build.0 = Release|Any CPU
		{D1B99C5A-82F7-459D-B56D-F8FD096D3854}.Release|x86.ActiveCfg = Release|Any CPU
		{D1B99C5A-82F7-459D-B56D-F8FD096D3854}.Release|x86.Build.0 = Release|Any CPU
		{28A7F758-951B-6502-6EA4-C216BA12F77C}.Debug|Any CPU.ActiveCfg = Debug|Any CPU
		{28A7F758-951B-6502-6EA4-C216BA12F77C}.Debug|Any CPU.Build.0 = Debug|Any CPU
		{28A7F758-951B-6502-6EA4-C216BA12F77C}.Debug|x64.ActiveCfg = Debug|Any CPU
		{28A7F758-951B-6502-6EA4-C216BA12F77C}.Debug|x64.Build.0 = Debug|Any CPU
		{28A7F758-951B-6502-6EA4-C216BA12F77C}.Debug|x86.ActiveCfg = Debug|Any CPU
		{28A7F758-951B-6502-6EA4-C216BA12F77C}.Debug|x86.Build.0 = Debug|Any CPU
		{28A7F758-951B-6502-6EA4-C216BA12F77C}.Release|Any CPU.ActiveCfg = Release|Any CPU
		{28A7F758-951B-6502-6EA4-C216BA12F77C}.Release|Any CPU.Build.0 = Release|Any CPU
		{28A7F758-951B-6502-6EA4-C216BA12F77C}.Release|x64.ActiveCfg = Release|Any CPU
		{28A7F758-951B-6502-6EA4-C216BA12F77C}.Release|x64.Build.0 = Release|Any CPU
		{28A7F758-951B-6502-6EA4-C216BA12F77C}.Release|x86.ActiveCfg = Release|Any CPU
		{28A7F758-951B-6502-6EA4-C216BA12F77C}.Release|x86.Build.0 = Release|Any CPU
		{F2FE7C0B-58C1-D768-C37A-D428D2B85940}.Debug|Any CPU.ActiveCfg = Debug|Any CPU
		{F2FE7C0B-58C1-D768-C37A-D428D2B85940}.Debug|Any CPU.Build.0 = Debug|Any CPU
		{F2FE7C0B-58C1-D768-C37A-D428D2B85940}.Debug|x64.ActiveCfg = Debug|Any CPU
		{F2FE7C0B-58C1-D768-C37A-D428D2B85940}.Debug|x64.Build.0 = Debug|Any CPU
		{F2FE7C0B-58C1-D768-C37A-D428D2B85940}.Debug|x86.ActiveCfg = Debug|Any CPU
		{F2FE7C0B-58C1-D768-C37A-D428D2B85940}.Debug|x86.Build.0 = Debug|Any CPU
		{F2FE7C0B-58C1-D768-C37A-D428D2B85940}.Release|Any CPU.ActiveCfg = Release|Any CPU
		{F2FE7C0B-58C1-D768-C37A-D428D2B85940}.Release|Any CPU.Build.0 = Release|Any CPU
		{F2FE7C0B-58C1-D768-C37A-D428D2B85940}.Release|x64.ActiveCfg = Release|Any CPU
		{F2FE7C0B-58C1-D768-C37A-D428D2B85940}.Release|x64.Build.0 = Release|Any CPU
		{F2FE7C0B-58C1-D768-C37A-D428D2B85940}.Release|x86.ActiveCfg = Release|Any CPU
		{F2FE7C0B-58C1-D768-C37A-D428D2B85940}.Release|x86.Build.0 = Release|Any CPU
		{550A20AB-8E97-BCDD-9F54-27823663120A}.Debug|Any CPU.ActiveCfg = Debug|Any CPU
		{550A20AB-8E97-BCDD-9F54-27823663120A}.Debug|Any CPU.Build.0 = Debug|Any CPU
		{550A20AB-8E97-BCDD-9F54-27823663120A}.Debug|x64.ActiveCfg = Debug|Any CPU
		{550A20AB-8E97-BCDD-9F54-27823663120A}.Debug|x64.Build.0 = Debug|Any CPU
		{550A20AB-8E97-BCDD-9F54-27823663120A}.Debug|x86.ActiveCfg = Debug|Any CPU
		{550A20AB-8E97-BCDD-9F54-27823663120A}.Debug|x86.Build.0 = Debug|Any CPU
		{550A20AB-8E97-BCDD-9F54-27823663120A}.Release|Any CPU.ActiveCfg = Release|Any CPU
		{550A20AB-8E97-BCDD-9F54-27823663120A}.Release|Any CPU.Build.0 = Release|Any CPU
		{550A20AB-8E97-BCDD-9F54-27823663120A}.Release|x64.ActiveCfg = Release|Any CPU
		{550A20AB-8E97-BCDD-9F54-27823663120A}.Release|x64.Build.0 = Release|Any CPU
		{550A20AB-8E97-BCDD-9F54-27823663120A}.Release|x86.ActiveCfg = Release|Any CPU
		{550A20AB-8E97-BCDD-9F54-27823663120A}.Release|x86.Build.0 = Release|Any CPU
		{9FF626DF-1AD4-2BE1-F834-F49121D65085}.Debug|Any CPU.ActiveCfg = Debug|Any CPU
		{9FF626DF-1AD4-2BE1-F834-F49121D65085}.Debug|Any CPU.Build.0 = Debug|Any CPU
		{9FF626DF-1AD4-2BE1-F834-F49121D65085}.Debug|x64.ActiveCfg = Debug|Any CPU
		{9FF626DF-1AD4-2BE1-F834-F49121D65085}.Debug|x64.Build.0 = Debug|Any CPU
		{9FF626DF-1AD4-2BE1-F834-F49121D65085}.Debug|x86.ActiveCfg = Debug|Any CPU
		{9FF626DF-1AD4-2BE1-F834-F49121D65085}.Debug|x86.Build.0 = Debug|Any CPU
		{9FF626DF-1AD4-2BE1-F834-F49121D65085}.Release|Any CPU.ActiveCfg = Release|Any CPU
		{9FF626DF-1AD4-2BE1-F834-F49121D65085}.Release|Any CPU.Build.0 = Release|Any CPU
		{9FF626DF-1AD4-2BE1-F834-F49121D65085}.Release|x64.ActiveCfg = Release|Any CPU
		{9FF626DF-1AD4-2BE1-F834-F49121D65085}.Release|x64.Build.0 = Release|Any CPU
		{9FF626DF-1AD4-2BE1-F834-F49121D65085}.Release|x86.ActiveCfg = Release|Any CPU
		{9FF626DF-1AD4-2BE1-F834-F49121D65085}.Release|x86.Build.0 = Release|Any CPU
	EndGlobalSection
	GlobalSection(SolutionProperties) = preSolution
		HideSolutionNode = FALSE
	EndGlobalSection
	GlobalSection(NestedProjects) = preSolution
		{6BFF5946-A829-4AD7-BFAB-80B71CD7FF49} = {2769C4C3-2595-413B-B7FE-5903826770C1}
		{7B4B39AD-B85C-4182-A385-F478A5AD28EC} = {2769C4C3-2595-413B-B7FE-5903826770C1}
		{00E37E58-7E43-4D95-83E4-75F669E89584} = {2769C4C3-2595-413B-B7FE-5903826770C1}
		{E87F60C9-F167-3F03-A4BD-43DBB1C76BDD} = {00E37E58-7E43-4D95-83E4-75F669E89584}
		{9BB3B5A1-CD1F-EEB6-89D5-F3D3766E740E} = {6BFF5946-A829-4AD7-BFAB-80B71CD7FF49}
		{0255BB42-2742-59C6-F18D-42C6A7C0F017} = {7B4B39AD-B85C-4182-A385-F478A5AD28EC}
		{93B71253-8B62-38F4-7B0F-EFEE2619FF2F} = {7B4B39AD-B85C-4182-A385-F478A5AD28EC}
		{A3AACA8A-D545-BF09-EE00-73485A89B84F} = {71819FC3-0EE7-40E8-87C3-129E53B4EA0B}
		{B2F79E56-20CC-8FC3-23A1-EAD37DC6C987} = {FD02CAA6-7C5E-4F8A-8D64-0ECBE52BA9D0}
		{4F0F9616-76B1-4BF3-5454-6FB81877D3CF} = {71819FC3-0EE7-40E8-87C3-129E53B4EA0B}
		{5E131E95-E561-8AC0-5865-1490CFD43805} = {75BD1A37-6708-4579-966C-676BB32E42EC}
		{9AD6065B-F7FD-AC29-D9EC-153C2F084386} = {D4F8D620-2693-46F8-8D6B-E4E66FF2C511}
		{09B7271A-1C9B-FB05-019F-779462CB84A7} = {0CB116EC-47FC-4622-9EDD-3D3048F55E2A}
		{2E5449E2-9A62-16CD-0068-90FE44ABEFEE} = {0CB116EC-47FC-4622-9EDD-3D3048F55E2A}
		{94C8CFDB-C7C6-40DF-A596-647FEEA3C917} = {2769C4C3-2595-413B-B7FE-5903826770C1}
		{2E384DCC-3289-47C3-AEE8-48AB23589E41} = {94C8CFDB-C7C6-40DF-A596-647FEEA3C917}
		{5BF70037-FD23-4E4C-9EF8-AAF0BD83CE67} = {2E384DCC-3289-47C3-AEE8-48AB23589E41}
		{8AC1C925-068F-4E78-ADE4-4DA3CF996662} = {2E384DCC-3289-47C3-AEE8-48AB23589E41}
		{F072C376-70B4-B061-745B-0B1BDEBF8CDE} = {5BF70037-FD23-4E4C-9EF8-AAF0BD83CE67}
		{D8340DC7-5D27-2A71-74CC-634493847FF0} = {8AC1C925-068F-4E78-ADE4-4DA3CF996662}
		{336B5CE1-95DA-4FDD-A876-0919E3C446CA} = {94C8CFDB-C7C6-40DF-A596-647FEEA3C917}
		{058F6BE3-A684-45F9-B61A-25839C64F503} = {94C8CFDB-C7C6-40DF-A596-647FEEA3C917}
		{DA2EC9AF-E2D9-4B8D-8EC3-CC65CFD3B974} = {058F6BE3-A684-45F9-B61A-25839C64F503}
		{413A4292-C2B3-4096-94CF-D6F607C20939} = {058F6BE3-A684-45F9-B61A-25839C64F503}
		{69A075E7-D924-59C6-0BF2-17A09201DDF3} = {413A4292-C2B3-4096-94CF-D6F607C20939}
		{D1DF309F-40DE-9C0E-A78B-2648544B77D2} = {DA2EC9AF-E2D9-4B8D-8EC3-CC65CFD3B974}
		{7D88CAF1-1887-A011-BA72-F38C87C1A7D9} = {336B5CE1-95DA-4FDD-A876-0919E3C446CA}
		{6F173323-75C1-4142-A4FE-0CEC2EB5EAF9} = {94C8CFDB-C7C6-40DF-A596-647FEEA3C917}
		{E7BF2911-582D-C403-254F-F7FC895BFD68} = {543158AD-BCB6-44A5-91AB-FE97B42A9C95}
		{543158AD-BCB6-44A5-91AB-FE97B42A9C95} = {6F173323-75C1-4142-A4FE-0CEC2EB5EAF9}
		{02A07E3C-67DB-4489-88E3-D568C477F540} = {6F173323-75C1-4142-A4FE-0CEC2EB5EAF9}
		{7FD57668-2AD8-0F53-4006-03927B5A385C} = {02A07E3C-67DB-4489-88E3-D568C477F540}
		{33D973D8-4D3E-47BA-8135-FCA0CFF7E210} = {94C8CFDB-C7C6-40DF-A596-647FEEA3C917}
		{57E80693-7AFC-4446-87DE-25E97C036E2F} = {33D973D8-4D3E-47BA-8135-FCA0CFF7E210}
		{21D42B96-99F9-4E48-A499-5170A5A9597F} = {33D973D8-4D3E-47BA-8135-FCA0CFF7E210}
		{E713D25F-2602-44C9-AB9E-C9477FB2BA93} = {94C8CFDB-C7C6-40DF-A596-647FEEA3C917}
		{3FFB2BF4-159E-3073-4BDF-08AE93C7A2C1} = {E713D25F-2602-44C9-AB9E-C9477FB2BA93}
		{D1B99C5A-82F7-459D-B56D-F8FD096D3854} = {2769C4C3-2595-413B-B7FE-5903826770C1}
		{C5FB16A3-952C-4078-A15A-3C7CE42E73B5} = {94C8CFDB-C7C6-40DF-A596-647FEEA3C917}
		{22A76A25-333D-4516-8EA6-4D03E3023183} = {C5FB16A3-952C-4078-A15A-3C7CE42E73B5}
		{28A7F758-951B-6502-6EA4-C216BA12F77C} = {22A76A25-333D-4516-8EA6-4D03E3023183}
		{967F62B4-2815-473F-9F1E-E7F146EE8872} = {C5FB16A3-952C-4078-A15A-3C7CE42E73B5}
		{F2FE7C0B-58C1-D768-C37A-D428D2B85940} = {967F62B4-2815-473F-9F1E-E7F146EE8872}
		{550A20AB-8E97-BCDD-9F54-27823663120A} = {21D42B96-99F9-4E48-A499-5170A5A9597F}
		{9FF626DF-1AD4-2BE1-F834-F49121D65085} = {57E80693-7AFC-4446-87DE-25E97C036E2F}
	EndGlobalSection
	GlobalSection(ExtensibilityGlobals) = postSolution
		SolutionGuid = {C584421D-5EC0-4821-B7D8-2633D8D405F2}
	EndGlobalSection
EndGlobal
